{
  "name": "minimal-blog",
  "version": "1.0.0",
  "lockfileVersion": 3,
  "requires": true,
  "packages": {
    "": {
      "name": "minimal-blog",
      "version": "1.0.0",
      "dependencies": {
        "clean-css": "^5.3.3",
        "highlight.js": "^11.10.0",
        "js-yaml": "^4.1.0",
        "katex": "^0.16.11",
        "markdown-it": "^14.1.0",
        "markdown-it-footnote": "^4.0.0",
        "markdown-it-mark": "^4.0.0",
        "markdown-it-multimd-table": "^4.2.3",
        "markdown-it-sub": "^2.0.0",
        "markdown-it-sup": "^2.0.0",
        "markdown-it-task-checkbox": "^1.0.6"
      },
      "engines": {
        "node": ">=20"
      }
    },
    "node_modules/argparse": {
      "version": "2.0.1",
      "resolved": "https://registry.npmjs.org/argparse/-/argparse-2.0.1.tgz",
      "integrity": "sha512-8+9WqebbFzpX9OR+Wa6O29asIogeRMzcGtAINdpMHHyAg10f05aSFVBbcEqGf/PXw1EjAZ+q2/bEBg3DvurK3Q==",
      "license": "Python-2.0"
    },
    "node_modules/clean-css": {
      "version": "5.3.3",
      "resolved": "https://registry.npmjs.org/clean-css/-/clean-css-5.3.3.tgz",
      "integrity": "sha512-D5J+kHaVb/wKSFcyyV75uCn8fiY4sV38XJoe4CUyGQ+mOU/fMVYUdH1hJC+CJQ5uY3EnW27SbJYS4X8BiLrAFg==",
      "license": "MIT",
      "dependencies": {
        "source-map": "~0.6.0"
      },
      "engines": {
        "node": ">= 10.0"
      }
    },
    "node_modules/commander": {
      "version": "8.3.0",
      "resolved": "https://registry.npmjs.org/commander/-/commander-8.3.0.tgz",
      "integrity": "sha512-OkTL9umf+He2DZkUq8f8J9of7yL6RJKI24dVITBmNfZBmri9zYZQrKkuXiKhyfPSu8tUhnVBB1iKXevvnlR4Ww==",
      "license": "MIT",
      "engines": {
        "node": ">= 12"
      }
    },
    "node_modules/entities": {
      "version": "4.5.0",
      "resolved": "https://registry.npmjs.org/entities/-/entities-4.5.0.tgz",
      "integrity": "sha512-V0hjH4dGPh9Ao5p0MoRY6BVqtwCjhz6vI5LT8AJ55H+4g9/4vbHx1I54fS0XuclLhDHArPQCiMjDxjaL8fPxhw==",
      "license": "BSD-2-Clause",
      "engines": {
        "node": ">=0.12"
      },
      "funding": {
        "url": "https://github.com/fb55/entities?sponsor=1"
      }
    },
    "node_modules/highlight.js": {
      "version": "11.11.1",
      "resolved": "https://registry.npmjs.org/highlight.js/-/highlight.js-11.11.1.tgz",
      "integrity": "sha512-Xwwo44whKBVCYoliBQwaPvtd/2tYFkRQtXDWj1nackaV2JPXx3L0+Jvd8/qCJ2p+ML0/XVkJ2q+Mr+UVdpJK5w==",
      "license": "BSD-3-Clause",
      "engines": {
        "node": ">=12.0.0"
      }
    },
    "node_modules/js-yaml": {
      "version": "4.1.1",
      "resolved": "https://registry.npmjs.org/js-yaml/-/js-yaml-4.1.1.tgz",
      "integrity": "sha512-qQKT4zQxXl8lLwBtHMWwaTcGfFOZviOJet3Oy/xmGk2gZH677CJM9EvtfdSkgWcATZhj/55JZ0rmy3myCT5lsA==",
      "license": "MIT",
      "dependencies": {
        "argparse": "^2.0.1"
      },
      "bin": {
        "js-yaml": "bin/js-yaml.js"
      }
    },
    "node_modules/katex": {
      "version": "0.16.45",
      "resolved": "https://registry.npmjs.org/katex/-/katex-0.16.45.tgz",
      "integrity": "sha512-pQpZbdBu7wCTmQUh7ufPmLr0pFoObnGUoL/yhtwJDgmmQpbkg/0HSVti25Fu4rmd1oCR6NGWe9vqTWuWv3GcNA==",
      "funding": [
        "https://opencollective.com/katex",
        "https://github.com/sponsors/katex"
      ],
      "license": "MIT",
      "dependencies": {
        "commander": "^8.3.0"
      },
      "bin": {
        "katex": "cli.js"
      }
    },
    "node_modules/linkify-it": {
      "version": "5.0.0",
      "resolved": "https://registry.npmjs.org/linkify-it/-/linkify-it-5.0.0.tgz",
      "integrity": "sha512-5aHCbzQRADcdP+ATqnDuhhJ/MRIqDkZX5pyjFHRRysS8vZ5AbqGEoFIb6pYHPZ+L/OC2Lc+xT8uHVVR5CAK/wQ==",
      "license": "MIT",
      "dependencies": {
        "uc.micro": "^2.0.0"
      }
    },
    "node_modules/markdown-it": {
      "version": "14.1.1",
      "resolved": "https://registry.npmjs.org/markdown-it/-/markdown-it-14.1.1.tgz",
      "integrity": "sha512-BuU2qnTti9YKgK5N+IeMubp14ZUKUUw7yeJbkjtosvHiP0AZ5c8IAgEMk79D0eC8F23r4Ac/q8cAIFdm2FtyoA==",
      "license": "MIT",
      "dependencies": {
        "argparse": "^2.0.1",
        "entities": "^4.4.0",
        "linkify-it": "^5.0.0",
        "mdurl": "^2.0.0",
        "punycode.js": "^2.3.1",
        "uc.micro": "^2.1.0"
      },
      "bin": {
        "markdown-it": "bin/markdown-it.mjs"
      }
    },
    "node_modules/markdown-it-footnote": {
      "version": "4.0.0",
      "resolved": "https://registry.npmjs.org/markdown-it-footnote/-/markdown-it-footnote-4.0.0.tgz",
      "integrity": "sha512-WYJ7urf+khJYl3DqofQpYfEYkZKbmXmwxQV8c8mO/hGIhgZ1wOe7R4HLFNwqx7TjILbnC98fuyeSsin19JdFcQ==",
      "license": "MIT"
    },
    "node_modules/markdown-it-mark": {
      "version": "4.0.0",
      "resolved": "https://registry.npmjs.org/markdown-it-mark/-/markdown-it-mark-4.0.0.tgz",
      "integrity": "sha512-YLhzaOsU9THO/cal0lUjfMjrqSMPjjyjChYM7oyj4DnyaXEzA8gnW6cVJeyCrCVeyesrY2PlEdUYJSPFYL4Nkg==",
      "license": "MIT"
    },
    "node_modules/markdown-it-multimd-table": {
      "version": "4.2.3",
      "resolved": "https://registry.npmjs.org/markdown-it-multimd-table/-/markdown-it-multimd-table-4.2.3.tgz",
      "integrity": "sha512-KepCr2OMJqm7IT6sOIbuqHGe+NERhgy66XMrc5lo6dHW7oaPzMDtYwR1EGwK16/blb6mCSg4jqityOe0o/H7HA==",
      "license": "MIT"
    },
    "node_modules/markdown-it-sub": {
      "version": "2.0.0",
      "resolved": "https://registry.npmjs.org/markdown-it-sub/-/markdown-it-sub-2.0.0.tgz",
      "integrity": "sha512-iCBKgwCkfQBRg2vApy9vx1C1Tu6D8XYo8NvevI3OlwzBRmiMtsJ2sXupBgEA7PPxiDwNni3qIUkhZ6j5wofDUA==",
      "license": "MIT"
    },
    "node_modules/markdown-it-sup": {
      "version": "2.0.0",
      "resolved": "https://registry.npmjs.org/markdown-it-sup/-/markdown-it-sup-2.0.0.tgz",
      "integrity": "sha512-5VgmdKlkBd8sgXuoDoxMpiU+BiEt3I49GItBzzw7Mxq9CxvnhE/k09HFli09zgfFDRixDQDfDxi0mgBCXtaTvA==",
      "license": "MIT"
    },
    "node_modules/markdown-it-task-checkbox": {
      "version": "1.0.6",
      "resolved": "https://registry.npmjs.org/markdown-it-task-checkbox/-/markdown-it-task-checkbox-1.0.6.tgz",
      "integrity": "sha512-7pxkHuvqTOu3iwVGmDPeYjQg+AIS9VQxzyLP9JCg9lBjgPAJXGEkChK6A2iFuj3tS0GV3HG2u5AMNhcQqwxpJw==",
      "license": "ISC"
    },
    "node_modules/mdurl": {
      "version": "2.0.0",
      "resolved": "https://registry.npmjs.org/mdurl/-/mdurl-2.0.0.tgz",
      "integrity": "sha512-Lf+9+2r+Tdp5wXDXC4PcIBjTDtq4UKjCPMQhKIuzpJNW0b96kVqSwW0bT7FhRSfmAiFYgP+SCRvdrDozfh0U5w==",
      "license": "MIT"
    },
    "node_modules/punycode.js": {
      "version": "2.3.1",
      "resolved": "https://registry.npmjs.org/punycode.js/-/punycode.js-2.3.1.tgz",
      "integrity": "sha512-uxFIHU0YlHYhDQtV4R9J6a52SLx28BCjT+4ieh7IGbgwVJWO+km431c4yRlREUAsAmt/uMjQUyQHNEPf0M39CA==",
      "license": "MIT",
      "engines": {
        "node": ">=6"
      }
    },
    "node_modules/source-map": {
      "version": "0.6.1",
      "resolved": "https://registry.npmjs.org/source-map/-/source-map-0.6.1.tgz",
      "integrity": "sha512-UjgapumWlbMhkBgzT7Ykc5YXUT46F0iKu8SGXq0bcwP5dz/h0Plj6enJqjz1Zbq2l5WaqYnrVbwWOWMyF3F47g==",
      "license": "BSD-3-Clause",
      "engines": {
        "node": ">=0.10.0"
      }
    },
    "node_modules/uc.micro": {
      "version": "2.1.0",
      "resolved": "https://registry.npmjs.org/uc.micro/-/uc.micro-2.1.0.tgz",
      "integrity": "sha512-ARDJmphmdvUk6Glw7y9DQ2bFkKBHwQHLi2lsaH6PPmz/Ka9sFOBsBluozhDltWmnv9u/cF6Rt87znRTPV+yp/A==",
      "license": "MIT"
    }
  }
}
